// !$*UTF8*$!
{
	archiveVersion = 1;
	classes = {
	};
	objectVersion = 50;
	objects = {

/* Begin PBXBuildFile section */
		2A3BB91C2988B34464F3D513 /* Pods_FlixTests.framework in Frameworks */ = {isa = PBXBuildFile; fileRef = DAF0D720A14BEABCF420759B /* Pods_FlixTests.framework */; };
		991AFA4C23DA802200A8F281 /* AppDelegate.swift in Sources */ = {isa = PBXBuildFile; fileRef = 991AFA4B23DA802200A8F281 /* AppDelegate.swift */; };
		991AFA4E23DA802200A8F281 /* SceneDelegate.swift in Sources */ = {isa = PBXBuildFile; fileRef = 991AFA4D23DA802200A8F281 /* SceneDelegate.swift */; };
		991AFA5023DA802200A8F281 /* ViewController.swift in Sources */ = {isa = PBXBuildFile; fileRef = 991AFA4F23DA802200A8F281 /* ViewController.swift */; };
		991AFA5323DA802200A8F281 /* Main.storyboard in Resources */ = {isa = PBXBuildFile; fileRef = 991AFA5123DA802200A8F281 /* Main.storyboard */; };
		991AFA5523DA802300A8F281 /* Assets.xcassets in Resources */ = {isa = PBXBuildFile; fileRef = 991AFA5423DA802300A8F281 /* Assets.xcassets */; };
		991AFA5823DA802300A8F281 /* LaunchScreen.storyboard in Resources */ = {isa = PBXBuildFile; fileRef = 991AFA5623DA802300A8F281 /* LaunchScreen.storyboard */; };
		991AFA6323DA802300A8F281 /* FlixTests.swift in Sources */ = {isa = PBXBuildFile; fileRef = 991AFA6223DA802300A8F281 /* FlixTests.swift */; };
		991AFA6E23DA802300A8F281 /* FlixUITests.swift in Sources */ = {isa = PBXBuildFile; fileRef = 991AFA6D23DA802300A8F281 /* FlixUITests.swift */; };
		991AFA7C23DA89E600A8F281 /* MovieCell.swift in Sources */ = {isa = PBXBuildFile; fileRef = 991AFA7B23DA89E600A8F281 /* MovieCell.swift */; };
		E0905A503ED2344F5A0FF76F /* Pods_Flix.framework in Frameworks */ = {isa = PBXBuildFile; fileRef = 3AE01EDD8326A5D4CE13D0D5 /* Pods_Flix.framework */; };
		F4CC72DEBDBA4F69136CAD51 /* Pods_Flix_FlixUITests.framework in Frameworks */ = {isa = PBXBuildFile; fileRef = 6150C5DB6B16F04AB24BC341 /* Pods_Flix_FlixUITests.framework */; };
/* End PBXBuildFile section */

/* Begin PBXContainerItemProxy section */
		991AFA5F23DA802300A8F281 /* PBXContainerItemProxy */ = {
			isa = PBXContainerItemProxy;
			containerPortal = 991AFA4023DA802200A8F281 /* Project object */;
			proxyType = 1;
			remoteGlobalIDString = 991AFA4723DA802200A8F281;
			remoteInfo = Flix;
		};
		991AFA6A23DA802300A8F281 /* PBXContainerItemProxy */ = {
			isa = PBXContainerItemProxy;
			containerPortal = 991AFA4023DA802200A8F281 /* Project object */;
			proxyType = 1;
			remoteGlobalIDString = 991AFA4723DA802200A8F281;
			remoteInfo = Flix;
		};
/* End PBXContainerItemProxy section */

/* Begin PBXFileReference section */
		3AE01EDD8326A5D4CE13D0D5 /* Pods_Flix.framework */ = {isa = PBXFileReference; explicitFileType = wrapper.framework; includeInIndex = 0; path = Pods_Flix.framework; sourceTree = BUILT_PRODUCTS_DIR; };
		6150C5DB6B16F04AB24BC341 /* Pods_Flix_FlixUITests.framework */ = {isa = PBXFileReference; explicitFileType = wrapper.framework; includeInIndex = 0; path = Pods_Flix_FlixUITests.framework; sourceTree = BUILT_PRODUCTS_DIR; };
		971090577AAF8270A4CA4A1D /* Pods-FlixTests.debug.xcconfig */ = {isa = PBXFileReference; includeInIndex = 1; lastKnownFileType = text.xcconfig; name = "Pods-FlixTests.debug.xcconfig"; path = "Target Support Files/Pods-FlixTests/Pods-FlixTests.debug.xcconfig"; sourceTree = "<group>"; };
		991AFA4823DA802200A8F281 /* Flix.app */ = {isa = PBXFileReference; explicitFileType = wrapper.application; includeInIndex = 0; path = Flix.app; sourceTree = BUILT_PRODUCTS_DIR; };
		991AFA4B23DA802200A8F281 /* AppDelegate.swift */ = {isa = PBXFileReference; lastKnownFileType = sourcecode.swift; path = AppDelegate.swift; sourceTree = "<group>"; };
		991AFA4D23DA802200A8F281 /* SceneDelegate.swift */ = {isa = PBXFileReference; lastKnownFileType = sourcecode.swift; path = SceneDelegate.swift; sourceTree = "<group>"; };
		991AFA4F23DA802200A8F281 /* ViewController.swift */ = {isa = PBXFileReference; lastKnownFileType = sourcecode.swift; path = ViewController.swift; sourceTree = "<group>"; };
		991AFA5223DA802200A8F281 /* Base */ = {isa = PBXFileReference; lastKnownFileType = file.storyboard; name = Base; path = Base.lproj/Main.storyboard; sourceTree = "<group>"; };
		991AFA5423DA802300A8F281 /* Assets.xcassets */ = {isa = PBXFileReference; lastKnownFileType = folder.assetcatalog; path = Assets.xcassets; sourceTree = "<group>"; };
		991AFA5723DA802300A8F281 /* Base */ = {isa = PBXFileReference; lastKnownFileType = file.storyboard; name = Base; path = Base.lproj/LaunchScreen.storyboard; sourceTree = "<group>"; };
		991AFA5923DA802300A8F281 /* Info.plist */ = {isa = PBXFileReference; lastKnownFileType = text.plist.xml; path = Info.plist; sourceTree = "<group>"; };
		991AFA5E23DA802300A8F281 /* FlixTests.xctest */ = {isa = PBXFileReference; explicitFileType = wrapper.cfbundle; includeInIndex = 0; path = FlixTests.xctest; sourceTree = BUILT_PRODUCTS_DIR; };
		991AFA6223DA802300A8F281 /* FlixTests.swift */ = {isa = PBXFileReference; lastKnownFileType = sourcecode.swift; path = FlixTests.swift; sourceTree = "<group>"; };
		991AFA6423DA802300A8F281 /* Info.plist */ = {isa = PBXFileReference; lastKnownFileType = text.plist.xml; path = Info.plist; sourceTree = "<group>"; };
		991AFA6923DA802300A8F281 /* FlixUITests.xctest */ = {isa = PBXFileReference; explicitFileType = wrapper.cfbundle; includeInIndex = 0; path = FlixUITests.xctest; sourceTree = BUILT_PRODUCTS_DIR; };
		991AFA6D23DA802300A8F281 /* FlixUITests.swift */ = {isa = PBXFileReference; lastKnownFileType = sourcecode.swift; path = FlixUITests.swift; sourceTree = "<group>"; };
		991AFA6F23DA802300A8F281 /* Info.plist */ = {isa = PBXFileReference; lastKnownFileType = text.plist.xml; path = Info.plist; sourceTree = "<group>"; };
		991AFA7B23DA89E600A8F281 /* MovieCell.swift */ = {isa = PBXFileReference; lastKnownFileType = sourcecode.swift; path = MovieCell.swift; sourceTree = "<group>"; };
		A0FC5BCE3EB8D70102D5121B /* Pods-Flix-FlixUITests.release.xcconfig */ = {isa = PBXFileReference; includeInIndex = 1; lastKnownFileType = text.xcconfig; name = "Pods-Flix-FlixUITests.release.xcconfig"; path = "Target Support Files/Pods-Flix-FlixUITests/Pods-Flix-FlixUITests.release.xcconfig"; sourceTree = "<group>"; };
		AEB544F76ECA705E931AF87E /* Pods-Flix-FlixUITests.debug.xcconfig */ = {isa = PBXFileReference; includeInIndex = 1; lastKnownFileType = text.xcconfig; name = "Pods-Flix-FlixUITests.debug.xcconfig"; path = "Target Support Files/Pods-Flix-FlixUITests/Pods-Flix-FlixUITests.debug.xcconfig"; sourceTree = "<group>"; };
		C4DCC766EBFA376479D013F8 /* Pods-Flix.debug.xcconfig */ = {isa = PBXFileReference; includeInIndex = 1; lastKnownFileType = text.xcconfig; name = "Pods-Flix.debug.xcconfig"; path = "Target Support Files/Pods-Flix/Pods-Flix.debug.xcconfig"; sourceTree = "<group>"; };
		CED4784790FCA4B7790E92BE /* Pods-FlixTests.release.xcconfig */ = {isa = PBXFileReference; includeInIndex = 1; lastKnownFileType = text.xcconfig; name = "Pods-FlixTests.release.xcconfig"; path = "Target Support Files/Pods-FlixTests/Pods-FlixTests.release.xcconfig"; sourceTree = "<group>"; };
		DAF0D720A14BEABCF420759B /* Pods_FlixTests.framework */ = {isa = PBXFileReference; explicitFileType = wrapper.framework; includeInIndex = 0; path = Pods_FlixTests.framework; sourceTree = BUILT_PRODUCTS_DIR; };
		EAD001E64D66166B83DB0E7D /* Pods-Flix.release.xcconfig */ = {isa = PBXFileReference; includeInIndex = 1; lastKnownFileType = text.xcconfig; name = "Pods-Flix.release.xcconfig"; path = "Target Support Files/Pods-Flix/Pods-Flix.release.xcconfig"; sourceTree = "<group>"; };
/* End PBXFileReference section */

/* Begin PBXFrameworksBuildPhase section */
		991AFA4523DA802200A8F281 /* Frameworks */ = {
			isa = PBXFrameworksBuildPhase;
			buildActionMask = 2147483647;
			files = (
				E0905A503ED2344F5A0FF76F /* Pods_Flix.framework in Frameworks */,
			);
			runOnlyForDeploymentPostprocessing = 0;
		};
		991AFA5B23DA802300A8F281 /* Frameworks */ = {
			isa = PBXFrameworksBuildPhase;
			buildActionMask = 2147483647;
			files = (
				2A3BB91C2988B34464F3D513 /* Pods_FlixTests.framework in Frameworks */,
			);
			runOnlyForDeploymentPostprocessing = 0;
		};
		991AFA6623DA802300A8F281 /* Frameworks */ = {
			isa = PBXFrameworksBuildPhase;
			buildActionMask = 2147483647;
			files = (
				F4CC72DEBDBA4F69136CAD51 /* Pods_Flix_FlixUITests.framework in Frameworks */,
			);
			runOnlyForDeploymentPostprocessing = 0;
		};
/* End PBXFrameworksBuildPhase section */

/* Begin PBXGroup section */
		59627C6DF60630D0804BA898 /* Pods */ = {
			isa = PBXGroup;
			children = (
				C4DCC766EBFA376479D013F8 /* Pods-Flix.debug.xcconfig */,
				EAD001E64D66166B83DB0E7D /* Pods-Flix.release.xcconfig */,
				AEB544F76ECA705E931AF87E /* Pods-Flix-FlixUITests.debug.xcconfig */,
				A0FC5BCE3EB8D70102D5121B /* Pods-Flix-FlixUITests.release.xcconfig */,
				971090577AAF8270A4CA4A1D /* Pods-FlixTests.debug.xcconfig */,
				CED4784790FCA4B7790E92BE /* Pods-FlixTests.release.xcconfig */,
			);
			name = Pods;
			path = Pods;
			sourceTree = "<group>";
		};
		991AFA3F23DA802200A8F281 = {
			isa = PBXGroup;
			children = (
				991AFA4A23DA802200A8F281 /* Flix */,
				991AFA6123DA802300A8F281 /* FlixTests */,
				991AFA6C23DA802300A8F281 /* FlixUITests */,
				991AFA4923DA802200A8F281 /* Products */,
				59627C6DF60630D0804BA898 /* Pods */,
				F4D083A8C807A89197A4FFB7 /* Frameworks */,
			);
			sourceTree = "<group>";
		};
		991AFA4923DA802200A8F281 /* Products */ = {
			isa = PBXGroup;
			children = (
				991AFA4823DA802200A8F281 /* Flix.app */,
				991AFA5E23DA802300A8F281 /* FlixTests.xctest */,
				991AFA6923DA802300A8F281 /* FlixUITests.xctest */,
			);
			name = Products;
			sourceTree = "<group>";
		};
		991AFA4A23DA802200A8F281 /* Flix */ = {
			isa = PBXGroup;
			children = (
				991AFA4B23DA802200A8F281 /* AppDelegate.swift */,
				991AFA4D23DA802200A8F281 /* SceneDelegate.swift */,
				991AFA4F23DA802200A8F281 /* ViewController.swift */,
				991AFA5123DA802200A8F281 /* Main.storyboard */,
				991AFA7B23DA89E600A8F281 /* MovieCell.swift */,
				991AFA5423DA802300A8F281 /* Assets.xcassets */,
				991AFA5623DA802300A8F281 /* LaunchScreen.storyboard */,
				991AFA5923DA802300A8F281 /* Info.plist */,
			);
			path = Flix;
			sourceTree = "<group>";
		};
		991AFA6123DA802300A8F281 /* FlixTests */ = {
			isa = PBXGroup;
			children = (
				991AFA6223DA802300A8F281 /* FlixTests.swift */,
				991AFA6423DA802300A8F281 /* Info.plist */,
			);
			path = FlixTests;
			sourceTree = "<group>";
		};
		991AFA6C23DA802300A8F281 /* FlixUITests */ = {
			isa = PBXGroup;
			children = (
				991AFA6D23DA802300A8F281 /* FlixUITests.swift */,
				991AFA6F23DA802300A8F281 /* Info.plist */,
			);
			path = FlixUITests;
			sourceTree = "<group>";
		};
		F4D083A8C807A89197A4FFB7 /* Frameworks */ = {
			isa = PBXGroup;
			children = (
				3AE01EDD8326A5D4CE13D0D5 /* Pods_Flix.framework */,
				6150C5DB6B16F04AB24BC341 /* Pods_Flix_FlixUITests.framework */,
				DAF0D720A14BEABCF420759B /* Pods_FlixTests.framework */,
			);
			name = Frameworks;
			sourceTree = "<group>";
		};
/* End PBXGroup section */

/* Begin PBXNativeTarget section */
		991AFA4723DA802200A8F281 /* Flix */ = {
			isa = PBXNativeTarget;
			buildConfigurationList = 991AFA7223DA802300A8F281 /* Build configuration list for PBXNativeTarget "Flix" */;
			buildPhases = (
				C6EAAD1512908A84CEA31DC9 /* [CP] Check Pods Manifest.lock */,
				991AFA4423DA802200A8F281 /* Sources */,
				991AFA4523DA802200A8F281 /* Frameworks */,
				991AFA4623DA802200A8F281 /* Resources */,
				BA74A4FA8FAF1E7E3A33A865 /* [CP] Embed Pods Frameworks */,
			);
			buildRules = (
			);
			dependencies = (
			);
			name = Flix;
			productName = Flix;
			productReference = 991AFA4823DA802200A8F281 /* Flix.app */;
			productType = "com.apple.product-type.application";
		};
		991AFA5D23DA802300A8F281 /* FlixTests */ = {
			isa = PBXNativeTarget;
			buildConfigurationList = 991AFA7523DA802300A8F281 /* Build configuration list for PBXNativeTarget "FlixTests" */;
			buildPhases = (
				D9DA58D72D441A84B3ED6319 /* [CP] Check Pods Manifest.lock */,
				991AFA5A23DA802300A8F281 /* Sources */,
				991AFA5B23DA802300A8F281 /* Frameworks */,
				991AFA5C23DA802300A8F281 /* Resources */,
			);
			buildRules = (
			);
			dependencies = (
				991AFA6023DA802300A8F281 /* PBXTargetDependency */,
			);
			name = FlixTests;
			productName = FlixTests;
			productReference = 991AFA5E23DA802300A8F281 /* FlixTests.xctest */;
			productType = "com.apple.product-type.bundle.unit-test";
		};
		991AFA6823DA802300A8F281 /* FlixUITests */ = {
			isa = PBXNativeTarget;
			buildConfigurationList = 991AFA7823DA802300A8F281 /* Build configuration list for PBXNativeTarget "FlixUITests" */;
			buildPhases = (
				C7D67E914B91E0F3283B2294 /* [CP] Check Pods Manifest.lock */,
				991AFA6523DA802300A8F281 /* Sources */,
				991AFA6623DA802300A8F281 /* Frameworks */,
				991AFA6723DA802300A8F281 /* Resources */,
				A297C6E7A8254712216ED8AA /* [CP] Embed Pods Frameworks */,
			);
			buildRules = (
			);
			dependencies = (
				991AFA6B23DA802300A8F281 /* PBXTargetDependency */,
			);
			name = FlixUITests;
			productName = FlixUITests;
			productReference = 991AFA6923DA802300A8F281 /* FlixUITests.xctest */;
			productType = "com.apple.product-type.bundle.ui-testing";
		};
/* End PBXNativeTarget section */

/* Begin PBXProject section */
		991AFA4023DA802200A8F281 /* Project object */ = {
			isa = PBXProject;
			attributes = {
				LastSwiftUpdateCheck = 1130;
				LastUpgradeCheck = 1130;
				ORGANIZATIONNAME = "Lovpreet Hansra";
				TargetAttributes = {
					991AFA4723DA802200A8F281 = {
						CreatedOnToolsVersion = 11.3;
					};
					991AFA5D23DA802300A8F281 = {
						CreatedOnToolsVersion = 11.3;
						TestTargetID = 991AFA4723DA802200A8F281;
					};
					991AFA6823DA802300A8F281 = {
						CreatedOnToolsVersion = 11.3;
						TestTargetID = 991AFA4723DA802200A8F281;
					};
				};
			};
			buildConfigurationList = 991AFA4323DA802200A8F281 /* Build configuration list for PBXProject "Flix" */;
			compatibilityVersion = "Xcode 9.3";
			developmentRegion = en;
			hasScannedForEncodings = 0;
			knownRegions = (
				en,
				Base,
			);
			mainGroup = 991AFA3F23DA802200A8F281;
			productRefGroup = 991AFA4923DA802200A8F281 /* Products */;
			projectDirPath = "";
			projectRoot = "";
			targets = (
				991AFA4723DA802200A8F281 /* Flix */,
				991AFA5D23DA802300A8F281 /* FlixTests */,
				991AFA6823DA802300A8F281 /* FlixUITests */,
			);
		};
/* End PBXProject section */

/* Begin PBXResourcesBuildPhase section */
		991AFA4623DA802200A8F281 /* Resources */ = {
			isa = PBXResourcesBuildPhase;
			buildActionMask = 2147483647;
			files = (
				991AFA5823DA802300A8F281 /* LaunchScreen.storyboard in Resources */,
				991AFA5523DA802300A8F281 /* Assets.xcassets in Resources */,
				991AFA5323DA802200A8F281 /* Main.storyboard in Resources */,
			);
			runOnlyForDeploymentPostprocessing = 0;
		};
		991AFA5C23DA802300A8F281 /* Resources */ = {
			isa = PBXResourcesBuildPhase;
			buildActionMask = 2147483647;
			files = (
			);
			runOnlyForDeploymentPostprocessing = 0;
		};
		991AFA6723DA802300A8F281 /* Resources */ = {
			isa = PBXResourcesBuildPhase;
			buildActionMask = 2147483647;
			files = (
			);
			runOnlyForDeploymentPostprocessing = 0;
		};
/* End PBXResourcesBuildPhase section */

/* Begin PBXShellScriptBuildPhase section */
		A297C6E7A8254712216ED8AA /* [CP] Embed Pods Frameworks */ = {
			isa = PBXShellScriptBuildPhase;
			buildActionMask = 2147483647;
			files = (
			);
			inputFileListPaths = (
				"${PODS_ROOT}/Target Support Files/Pods-Flix-FlixUITests/Pods-Flix-FlixUITests-frameworks-${CONFIGURATION}-input-files.xcfilelist",
			);
			name = "[CP] Embed Pods Frameworks";
			outputFileListPaths = (
				"${PODS_ROOT}/Target Support Files/Pods-Flix-FlixUITests/Pods-Flix-FlixUITests-frameworks-${CONFIGURATION}-output-files.xcfilelist",
			);
			runOnlyForDeploymentPostprocessing = 0;
			shellPath = /bin/sh;
			shellScript = "\"${PODS_ROOT}/Target Support Files/Pods-Flix-FlixUITests/Pods-Flix-FlixUITests-frameworks.sh\"\n";
			showEnvVarsInLog = 0;
		};
		BA74A4FA8FAF1E7E3A33A865 /* [CP] Embed Pods Frameworks */ = {
			isa = PBXShellScriptBuildPhase;
			buildActionMask = 2147483647;
			files = (
			);
			inputFileListPaths = (
				"${PODS_ROOT}/Target Support Files/Pods-Flix/Pods-Flix-frameworks-${CONFIGURATION}-input-files.xcfilelist",
			);
			name = "[CP] Embed Pods Frameworks";
			outputFileListPaths = (
				"${PODS_ROOT}/Target Support Files/Pods-Flix/Pods-Flix-frameworks-${CONFIGURATION}-output-files.xcfilelist",
			);
			runOnlyForDeploymentPostprocessing = 0;
			shellPath = /bin/sh;
			shellScript = "\"${PODS_ROOT}/Target Support Files/Pods-Flix/Pods-Flix-frameworks.sh\"\n";
			showEnvVarsInLog = 0;
		};
		C6EAAD1512908A84CEA31DC9 /* [CP] Check Pods Manifest.lock */ = {
			isa = PBXShellScriptBuildPhase;
			buildActionMask = 2147483647;
			files = (
			);
			inputFileListPaths = (
			);
			inputPaths = (
				"${PODS_PODFILE_DIR_PATH}/Podfile.lock",
				"${PODS_ROOT}/Manifest.lock",
			);
			name = "[CP] Check Pods Manifest.lock";
			outputFileListPaths = (
			);
			outputPaths = (
				"$(DERIVED_FILE_DIR)/Pods-Flix-checkManifestLockResult.txt",
			);
			runOnlyForDeploymentPostprocessing = 0;
			shellPath = /bin/sh;
			shellScript = "diff \"${PODS_PODFILE_DIR_PATH}/Podfile.lock\" \"${PODS_ROOT}/Manifest.lock\" > /dev/null\nif [ $? != 0 ] ; then\n    # print error to STDERR\n    echo \"error: The sandbox is not in sync with the Podfile.lock. Run 'pod install' or update your CocoaPods installation.\" >&2\n    exit 1\nfi\n# This output is used by Xcode 'outputs' to avoid re-running this script phase.\necho \"SUCCESS\" > \"${SCRIPT_OUTPUT_FILE_0}\"\n";
			showEnvVarsInLog = 0;
		};
		C7D67E914B91E0F3283B2294 /* [CP] Check Pods Manifest.lock */ = {
			isa = PBXShellScriptBuildPhase;
			buildActionMask = 2147483647;
			files = (
			);
			inputFileListPaths = (
			);
			inputPaths = (
				"${PODS_PODFILE_DIR_PATH}/Podfile.lock",
				"${PODS_ROOT}/Manifest.lock",
			);
			name = "[CP] Check Pods Manifest.lock";
			outputFileListPaths = (
			);
			outputPaths = (
				"$(DERIVED_FILE_DIR)/Pods-Flix-FlixUITests-checkManifestLockResult.txt",
			);
			runOnlyForDeploymentPostprocessing = 0;
			shellPath = /bin/sh;
			shellScript = "diff \"${PODS_PODFILE_DIR_PATH}/Podfile.lock\" \"${PODS_ROOT}/Manifest.lock\" > /dev/null\nif [ $? != 0 ] ; then\n    # print error to STDERR\n    echo \"error: The sandbox is not in sync with the Podfile.lock. Run 'pod install' or update your CocoaPods installation.\" >&2\n    exit 1\nfi\n# This output is used by Xcode 'outputs' to avoid re-running this script phase.\necho \"SUCCESS\" > \"${SCRIPT_OUTPUT_FILE_0}\"\n";
			showEnvVarsInLog = 0;
		};
		D9DA58D72D441A84B3ED6319 /* [CP] Check Pods Manifest.lock */ = {
			isa = PBXShellScriptBuildPhase;
			buildActionMask = 2147483647;
			files = (
			);
			inputFileListPaths = (
			);
			inputPaths = (
				"${PODS_PODFILE_DIR_PATH}/Podfile.lock",
				"${PODS_ROOT}/Manifest.lock",
			);
			name = "[CP] Check Pods Manifest.lock";
			outputFileListPaths = (
			);
			outputPaths = (
				"$(DERIVED_FILE_DIR)/Pods-FlixTests-checkManifestLockResult.txt",
			);
			runOnlyForDeploymentPostprocessing = 0;
			shellPath = /bin/sh;
			shellScript = "diff \"${PODS_PODFILE_DIR_PATH}/Podfile.lock\" \"${PODS_ROOT}/Manifest.lock\" > /dev/null\nif [ $? != 0 ] ; then\n    # print error to STDERR\n    echo \"error: The sandbox is not in sync with the Podfile.lock. Run 'pod install' or update your CocoaPods installation.\" >&2\n    exit 1\nfi\n# This output is used by Xcode 'outputs' to avoid re-running this script phase.\necho \"SUCCESS\" > \"${SCRIPT_OUTPUT_FILE_0}\"\n";
			showEnvVarsInLog = 0;
		};
/* End PBXShellScriptBuildPhase section */

/* Begin PBXSourcesBuildPhase section */
		991AFA4423DA802200A8F281 /* Sources */ = {
			isa = PBXSourcesBuildPhase;
			buildActionMask = 2147483647;
			files = (
				991AFA5023DA802200A8F281 /* ViewController.swift in Sources */,
				991AFA4C23DA802200A8F281 /* AppDelegate.swift in Sources */,
				991AFA7C23DA89E600A8F281 /* MovieCell.swift in Sources */,
				991AFA4E23DA802200A8F281 /* SceneDelegate.swift in Sources */,
			);
			runOnlyForDeploymentPostprocessing = 0;
		};
		991AFA5A23DA802300A8F281 /* Sources */ = {
			isa = PBXSourcesBuildPhase;
			buildActionMask = 2147483647;
			files = (
				991AFA6323DA802300A8F281 /* FlixTests.swift in Sources */,
			);
			runOnlyForDeploymentPostprocessing = 0;
		};
		991AFA6523DA802300A8F281 /* Sources */ = {
			isa = PBXSourcesBuildPhase;
			buildActionMask = 2147483647;
			files = (
				991AFA6E23DA802300A8F281 /* FlixUITests.swift in Sources */,
			);
			runOnlyForDeploymentPostprocessing = 0;
		};
/* End PBXSourcesBuildPhase section */

/* Begin PBXTargetDependency section */
		991AFA6023DA802300A8F281 /* PBXTargetDependency */ = {
			isa = PBXTargetDependency;
			target = 991AFA4723DA802200A8F281 /* Flix */;
			targetProxy = 991AFA5F23DA802300A8F281 /* PBXContainerItemProxy */;
		};
		991AFA6B23DA802300A8F281 /* PBXTargetDependency */ = {
			isa = PBXTargetDependency;
			target = 991AFA4723DA802200A8F281 /* Flix */;
			targetProxy = 991AFA6A23DA802300A8F281 /* PBXContainerItemProxy */;
		};
/* End PBXTargetDependency section */

/* Begin PBXVariantGroup section */
		991AFA5123DA802200A8F281 /* Main.storyboard */ = {
			isa = PBXVariantGroup;
			children = (
				991AFA5223DA802200A8F281 /* Base */,
			);
			name = Main.storyboard;
			sourceTree = "<group>";
		};
		991AFA5623DA802300A8F281 /* LaunchScreen.storyboard */ = {
			isa = PBXVariantGroup;
			children = (
				991AFA5723DA802300A8F281 /* Base */,
			);
			name = LaunchScreen.storyboard;
			sourceTree = "<group>";
		};
/* End PBXVariantGroup section */

/* Begin XCBuildConfiguration section */
		991AFA7023DA802300A8F281 /* Debug */ = {
			isa = XCBuildConfiguration;
			buildSettings = {
				ALWAYS_SEARCH_USER_PATHS = NO;
				CLANG_ANALYZER_NONNULL = YES;
				CLANG_ANALYZER_NUMBER_OBJECT_CONVERSION = YES_AGGRESSIVE;
				CLANG_CXX_LANGUAGE_STANDARD = "gnu++14";
				CLANG_CXX_LIBRARY = "libc++";
				CLANG_ENABLE_MODULES = YES;
				CLANG_ENABLE_OBJC_ARC = YES;
				CLANG_ENABLE_OBJC_WEAK = YES;
				CLANG_WARN_BLOCK_CAPTURE_AUTORELEASING = YES;
				CLANG_WARN_BOOL_CONVERSION = YES;
				CLANG_WARN_COMMA = YES;
				CLANG_WARN_CONSTANT_CONVERSION = YES;
				CLANG_WARN_DEPRECATED_OBJC_IMPLEMENTATIONS = YES;
				CLANG_WARN_DIRECT_OBJC_ISA_USAGE = YES_ERROR;
				CLANG_WARN_DOCUMENTATION_COMMENTS = YES;
				CLANG_WARN_EMPTY_BODY = YES;
				CLANG_WARN_ENUM_CONVERSION = YES;
				CLANG_WARN_INFINITE_RECURSION = YES;
				CLANG_WARN_INT_CONVERSION = YES;
				CLANG_WARN_NON_LITERAL_NULL_CONVERSION = YES;
				CLANG_WARN_OBJC_IMPLICIT_RETAIN_SELF = YES;
				CLANG_WARN_OBJC_LITERAL_CONVERSION = YES;
				CLANG_WARN_OBJC_ROOT_CLASS = YES_ERROR;
				CLANG_WARN_RANGE_LOOP_ANALYSIS = YES;
				CLANG_WARN_STRICT_PROTOTYPES = YES;
				CLANG_WARN_SUSPICIOUS_MOVE = YES;
				CLANG_WARN_UNGUARDED_AVAILABILITY = YES_AGGRESSIVE;
				CLANG_WARN_UNREACHABLE_CODE = YES;
				CLANG_WARN__DUPLICATE_METHOD_MATCH = YES;
				COPY_PHASE_STRIP = NO;
				DEBUG_INFORMATION_FORMAT = dwarf;
				ENABLE_STRICT_OBJC_MSGSEND = YES;
				ENABLE_TESTABILITY = YES;
				GCC_C_LANGUAGE_STANDARD = gnu11;
				GCC_DYNAMIC_NO_PIC = NO;
				GCC_NO_COMMON_BLOCKS = YES;
				GCC_OPTIMIZATION_LEVEL = 0;
				GCC_PREPROCESSOR_DEFINITIONS = (
					"DEBUG=1",
					"$(inherited)",
				);
				GCC_WARN_64_TO_32_BIT_CONVERSION = YES;
				GCC_WARN_ABOUT_RETURN_TYPE = YES_ERROR;
				GCC_WARN_UNDECLARED_SELECTOR = YES;
				GCC_WARN_UNINITIALIZED_AUTOS = YES_AGGRESSIVE;
				GCC_WARN_UNUSED_FUNCTION = YES;
				GCC_WARN_UNUSED_VARIABLE = YES;
				IPHONEOS_DEPLOYMENT_TARGET = 13.2;
				MTL_ENABLE_DEBUG_INFO = INCLUDE_SOURCE;
				MTL_FAST_MATH = YES;
				ONLY_ACTIVE_ARCH = YES;
				SDKROOT = iphoneos;
				SWIFT_ACTIVE_COMPILATION_CONDITIONS = DEBUG;
				SWIFT_OPTIMIZATION_LEVEL = "-Onone";
			};
			name = Debug;
		};
		991AFA7123DA802300A8F281 /* Release */ = {
			isa = XCBuildConfiguration;
			buildSettings = {
				ALWAYS_SEARCH_USER_PATHS = NO;
				CLANG_ANALYZER_NONNULL = YES;
				CLANG_ANALYZER_NUMBER_OBJECT_CONVERSION = YES_AGGRESSIVE;
				CLANG_CXX_LANGUAGE_STANDARD = "gnu++14";
				CLANG_CXX_LIBRARY = "libc++";
				CLANG_ENABLE_MODULES = YES;
				CLANG_ENABLE_OBJC_ARC = YES;
				CLANG_ENABLE_OBJC_WEAK = YES;
				CLANG_WARN_BLOCK_CAPTURE_AUTORELEASING = YES;
				CLANG_WARN_BOOL_CONVERSION = YES;
				CLANG_WARN_COMMA = YES;
				CLANG_WARN_CONSTANT_CONVERSION = YES;
				CLANG_WARN_DEPRECATED_OBJC_IMPLEMENTATIONS = YES;
				CLANG_WARN_DIRECT_OBJC_ISA_USAGE = YES_ERROR;
				CLANG_WARN_DOCUMENTATION_COMMENTS = YES;
				CLANG_WARN_EMPTY_BODY = YES;
				CLANG_WARN_ENUM_CONVERSION = YES;
				CLANG_WARN_INFINITE_RECURSION = YES;
				CLANG_WARN_INT_CONVERSION = YES;
				CLANG_WARN_NON_LITERAL_NULL_CONVERSION = YES;
				CLANG_WARN_OBJC_IMPLICIT_RETAIN_SELF = YES;
				CLANG_WARN_OBJC_LITERAL_CONVERSION = YES;
				CLANG_WARN_OBJC_ROOT_CLASS = YES_ERROR;
				CLANG_WARN_RANGE_LOOP_ANALYSIS = YES;
				CLANG_WARN_STRICT_PROTOTYPES = YES;
				CLANG_WARN_SUSPICIOUS_MOVE = YES;
				CLANG_WARN_UNGUARDED_AVAILABILITY = YES_AGGRESSIVE;
				CLANG_WARN_UNREACHABLE_CODE = YES;
				CLANG_WARN__DUPLICATE_METHOD_MATCH = YES;
				COPY_PHASE_STRIP = NO;
				DEBUG_INFORMATION_FORMAT = "dwarf-with-dsym";
				ENABLE_NS_ASSERTIONS = NO;
				ENABLE_STRICT_OBJC_MSGSEND = YES;
				GCC_C_LANGUAGE_STANDARD = gnu11;
				GCC_NO_COMMON_BLOCKS = YES;
				GCC_WARN_64_TO_32_BIT_CONVERSION = YES;
				GCC_WARN_ABOUT_RETURN_TYPE = YES_ERROR;
				GCC_WARN_UNDECLARED_SELECTOR = YES;
				GCC_WARN_UNINITIALIZED_AUTOS = YES_AGGRESSIVE;
				GCC_WARN_UNUSED_FUNCTION = YES;
				GCC_WARN_UNUSED_VARIABLE = YES;
				IPHONEOS_DEPLOYMENT_TARGET = 13.2;
				MTL_ENABLE_DEBUG_INFO = NO;
				MTL_FAST_MATH = YES;
				SDKROOT = iphoneos;
				SWIFT_COMPILATION_MODE = wholemodule;
				SWIFT_OPTIMIZATION_LEVEL = "-O";
				VALIDATE_PRODUCT = YES;
			};
			name = Release;
		};
		991AFA7323DA802300A8F281 /* Debug */ = {
			isa = XCBuildConfiguration;
			baseConfigurationReference = C4DCC766EBFA376479D013F8 /* Pods-Flix.debug.xcconfig */;
			buildSettings = {
				ASSETCATALOG_COMPILER_APPICON_NAME = AppIcon;
				CODE_SIGN_STYLE = Automatic;
				DEVELOPMENT_TEAM = R5PKD9755A;
				INFOPLIST_FILE = Flix/Info.plist;
				LD_RUNPATH_SEARCH_PATHS = (
					"$(inherited)",
					"@executable_path/Frameworks",
				);
				PRODUCT_BUNDLE_IDENTIFIER = lovpreet.Flix;
				PRODUCT_NAME = "$(TARGET_NAME)";
				SWIFT_VERSION = 5.0;
				TARGETED_DEVICE_FAMILY = "1,2";
			};
			name = Debug;
		};
		991AFA7423DA802300A8F281 /* Release */ = {
			isa = XCBuildConfiguration;
			baseConfigurationReference = EAD001E64D66166B83DB0E7D /* Pods-Flix.release.xcconfig */;
			buildSettings = {
				ASSETCATALOG_COMPILER_APPICON_NAME = AppIcon;
				CODE_SIGN_STYLE = Automatic;
				DEVELOPMENT_TEAM = R5PKD9755A;
				INFOPLIST_FILE = Flix/Info.plist;
				LD_RUNPATH_SEARCH_PATHS = (
					"$(inherited)",
					"@executable_path/Frameworks",
				);
				PRODUCT_BUNDLE_IDENTIFIER = lovpreet.Flix;
				PRODUCT_NAME = "$(TARGET_NAME)";
				SWIFT_VERSION = 5.0;
				TARGETED_DEVICE_FAMILY = "1,2";
			};
			name = Release;
		};
		991AFA7623DA802300A8F281 /* Debug */ = {
			isa = XCBuildConfiguration;
			baseConfigurationReference = 971090577AAF8270A4CA4A1D /* Pods-FlixTests.debug.xcconfig */;
			buildSettings = {
				ALWAYS_EMBED_SWIFT_STANDARD_LIBRARIES = YES;
				BUNDLE_LOADER = "$(TEST_HOST)";
				CODE_SIGN_STYLE = Automatic;
				DEVELOPMENT_TEAM = R5PKD9755A;
				INFOPLIST_FILE = FlixTests/Info.plist;
				IPHONEOS_DEPLOYMENT_TARGET = 13.2;
				LD_RUNPATH_SEARCH_PATHS = (
					"$(inherited)",
					"@executable_path/Frameworks",
					"@loader_path/Frameworks",
				);
				PRODUCT_BUNDLE_IDENTIFIER = lovpreet.FlixTests;
				PRODUCT_NAME = "$(TARGET_NAME)";
				SWIFT_VERSION = 5.0;
				TARGETED_DEVICE_FAMILY = "1,2";
				TEST_HOST = "$(BUILT_PRODUCTS_DIR)/Flix.app/Flix";
			};
			name = Debug;
		};
		991AFA7723DA802300A8F281 /* Release */ = {
			isa = XCBuildConfiguration;
			baseConfigurationReference = CED4784790FCA4B7790E92BE /* Pods-FlixTests.release.xcconfig */;
			buildSettings = {
				ALWAYS_EMBED_SWIFT_STANDARD_LIBRARIES = YES;
				BUNDLE_LOADER = "$(TEST_HOST)";
				CODE_SIGN_STYLE = Automatic;
				DEVELOPMENT_TEAM = R5PKD9755A;
				INFOPLIST_FILE = FlixTests/Info.plist;
				IPHONEOS_DEPLOYMENT_TARGET = 13.2;
				LD_RUNPATH_SEARCH_PATHS = (
					"$(inherited)",
					"@executable_path/Frameworks",
					"@loader_path/Frameworks",
				);
				PRODUCT_BUNDLE_IDENTIFIER = lovpreet.FlixTests;
				PRODUCT_NAME = "$(TARGET_NAME)";
				SWIFT_VERSION = 5.0;
				TARGETED_DEVICE_FAMILY = "1,2";
				TEST_HOST = "$(BUILT_PRODUCTS_DIR)/Flix.app/Flix";
			};
			name = Release;
		};
		991AFA7923DA802300A8F281 /* Debug */ = {
			isa = XCBuildConfiguration;
			baseConfigurationReference = AEB544F76ECA705E931AF87E /* Pods-Flix-FlixUITests.debug.xcconfig */;
			buildSettings = {
				ALWAYS_EMBED_SWIFT_STANDARD_LIBRARIES = YES;
				CODE_SIGN_STYLE = Automatic;
				DEVELOPMENT_TEAM = R5PKD9755A;
				INFOPLIST_FILE = FlixUITests/Info.plist;
				LD_RUNPATH_SEARCH_PATHS = (
					"$(inherited)",
					"@executable_path/Frameworks",
					"@loader_path/Frameworks",
				);
				PRODUCT_BUNDLE_IDENTIFIER = lovpreet.FlixUITests;
				PRODUCT_NAME = "$(TARGET_NAME)";
				SWIFT_VERSION = 5.0;
				TARGETED_DEVICE_FAMILY = "1,2";
				TEST_TARGET_NAME = Flix;
			};
			name = Debug;
		};
		991AFA7A23DA802300A8F281 /* Release */ = {
			isa = XCBuildConfiguration;
			baseConfigurationReference = A0FC5BCE3EB8D70102D5121B /* Pods-Flix-FlixUITests.release.xcconfig */;
			buildSettings = {
				ALWAYS_EMBED_SWIFT_STANDARD_LIBRARIES = YES;
				CODE_SIGN_STYLE = Automatic;
				DEVELOPMENT_TEAM = R5PKD9755A;
				INFOPLIST_FILE = FlixUITests/Info.plist;
				LD_RUNPATH_SEARCH_PATHS = (
					"$(inherited)",
					"@executable_path/Frameworks",
					"@loader_path/Frameworks",
				);
				PRODUCT_BUNDLE_IDENTIFIER = lovpreet.FlixUITests;
				PRODUCT_NAME = "$(TARGET_NAME)";
				SWIFT_VERSION = 5.0;
				TARGETED_DEVICE_FAMILY = "1,2";
				TEST_TARGET_NAME = Flix;
			};
			name = Release;
		};
/* End XCBuildConfiguration section */

/* Begin XCConfigurationList section */
		991AFA4323DA802200A8F281 /* Build configuration list for PBXProject "Flix" */ = {
			isa = XCConfigurationList;
			buildConfigurations = (
				991AFA7023DA802300A8F281 /* Debug */,
				991AFA7123DA802300A8F281 /* Release */,
			);
			defaultConfigurationIsVisible = 0;
			defaultConfigurationName = Release;
		};
		991AFA7223DA802300A8F281 /* Build configuration list for PBXNativeTarget "Flix" */ = {
			isa = XCConfigurationList;
			buildConfigurations = (
				991AFA7323DA802300A8F281 /* Debug */,
				991AFA7423DA802300A8F281 /* Release */,
			);
			defaultConfigurationIsVisible = 0;
			defaultConfigurationName = Release;
		};
		991AFA7523DA802300A8F281 /* Build configuration list for PBXNativeTarget "FlixTests" */ = {
			isa = XCConfigurationList;
			buildConfigurations = (
				991AFA7623DA802300A8F281 /* Debug */,
				991AFA7723DA802300A8F281 /* Release */,
			);
			defaultConfigurationIsVisible = 0;
			defaultConfigurationName = Release;
		};
		991AFA7823DA802300A8F281 /* Build configuration list for PBXNativeTarget "FlixUITests" */ = {
			isa = XCConfigurationList;
			buildConfigurations = (
				991AFA7923DA802300A8F281 /* Debug */,
				991AFA7A23DA802300A8F281 /* Release */,
			);
			defaultConfigurationIsVisible = 0;
			defaultConfigurationName = Release;
		};
/* End XCConfigurationList section */
	};
	rootObject = 991AFA4023DA802200A8F281 /* Project object */;
}
